# This file is automatically @generated by Cargo.
# It is not intended for manual editing.
version = 3

[[package]]
name = "const-sha1"
version = "0.2.0"
source = "registry+https://github.com/rust-lang/crates.io-index"
checksum = "fb58b6451e8c2a812ad979ed1d83378caa5e927eef2622017a45f251457c2c9d"

[[package]]
name = "lazy_static"
version = "1.4.0"
source = "registry+https://github.com/rust-lang/crates.io-index"
checksum = "e2abad23fbc42b3700f2f279844dc832adb2b2eb069b2df918f455c4e18cc646"

[[package]]
name = "proc-macro2"
version = "1.0.24"
source = "registry+https://github.com/rust-lang/crates.io-index"
checksum = "1e0704ee1a7e00d7bb417d0770ea303c1bccbabf0ef1667dae92b5967f5f8a71"
dependencies = [
 "unicode-xid",
]

[[package]]
name = "quote"
version = "1.0.9"
source = "registry+https://github.com/rust-lang/crates.io-index"
checksum = "c3d0b9745dc2debf507c8422de05d7226cc1f0644216dfdfead988f9b1ab32a7"
dependencies = [
 "proc-macro2",
]

[[package]]
name = "squote"
version = "0.1.2"
source = "registry+https://github.com/rust-lang/crates.io-index"
checksum = "1fccf17fd09e2455ea796d2ad267b64fa2c5cbd8701b2a93b555d2aa73449f7d"

[[package]]
name = "syn"
version = "1.0.60"
source = "registry+https://github.com/rust-lang/crates.io-index"
checksum = "c700597eca8a5a762beb35753ef6b94df201c81cca676604f547495a0d7f0081"
dependencies = [
 "proc-macro2",
 "quote",
 "unicode-xid",
]

[[package]]
name = "unicode-xid"
version = "0.2.1"
source = "registry+https://github.com/rust-lang/crates.io-index"
checksum = "f7fe0bb3479651439c9112f72b6c505038574c9fbb575ed1bf3b797fa39dd564"

[[package]]
name = "widestring"
version = "0.4.3"
source = "registry+https://github.com/rust-lang/crates.io-index"
checksum = "c168940144dd21fd8046987c16a46a33d5fc84eec29ef9dcddc2ac9e31526b7c"

[[package]]
name = "windowmaster"
version = "0.1.0"
dependencies = [
 "lazy_static",
 "widestring",
 "windows",
]

[[package]]
name = "windows"
version = "0.4.0"
source = "registry+https://github.com/rust-lang/crates.io-index"
checksum = "015de964f21e0b20b9744ebc6f3a3e4dfdd1788f133a4aeec09c035748f88a21"
dependencies = [
 "const-sha1",
 "windows_gen",
 "windows_macros",
]

[[package]]
name = "windows_gen"
version = "0.4.0"
source = "registry+https://github.com/rust-lang/crates.io-index"
checksum = "70028758c92f5ed61ce12ab8e7482dce152418bac41dbefe794511b9fb673022"
dependencies = [
 "proc-macro2",
 "quote",
 "squote",
 "syn",
 "windows_gen_macros",
]

[[package]]
name = "windows_gen_macros"
version = "0.4.0"
source = "registry+https://github.com/rust-lang/crates.io-index"
checksum = "1a4e4aa3c108fc3112bb797662b14958d088d3b989f2560d89335775c566c88d"
dependencies = [
 "proc-macro2",
 "quote",
 "syn",
]

[[package]]
name = "windows_macros"
version = "0.4.0"
source = "registry+https://github.com/rust-lang/crates.io-index"
checksum = "87e5b872245607ec18bf35eaa7a6146831c07449c0b724afd7403d732c6da856"
dependencies = [
 "proc-macro2",
 "quote",
 "squote",
 "syn",
 "windows_gen",
]
